
Microsoft Visual Studio Solution File, Format Version 12.00
# Visual Studio Version 16
VisualStudioVersion = 16.0.29519.87
MinimumVisualStudioVersion = 10.0.40219.1
Project("{9A19103F-16F7-4668-BE54-9A1E7A4F7556}") = "WiredBrainCoffee.ShopInfoTool", "WiredBrainCoffee.ShopInfoTool.csproj", "{B6214860-B689-484B-8F23-FFDF6A4C0C02}"
EndProject
Project("{FAE04EC0-301F-11D3-BF4B-00C04F79EFBC}") = "WiredBrainCoffee.DataAccess", "..\WiredBrainCoffee.DataAccess\WiredBrainCoffee.DataAccess.csproj", "{8216B4F2-7D6F-4FDC-B01D-23269F026BE9}"
EndProject
Global
	GlobalSection(SolutionConfigurationPlatforms) = preSolution
		Debug|Any CPU = Debug|Any CPU
		Release|Any CPU = Release|Any CPU
	EndGlobalSection
	GlobalSection(ProjectConfigurationPlatforms) = postSolution
		{B6214860-B689-484B-8F23-FFDF6A4C0C02}.Debug|Any CPU.ActiveCfg = Debug|Any CPU
		{B6214860-B689-484B-8F23-FFDF6A4C0C02}.Debug|Any CPU.Build.0 = Debug|Any CPU
		{B6214860-B689-484B-8F23-FFDF6A4C0C02}.Release|Any CPU.ActiveCfg = Release|Any CPU
		{B6214860-B689-484B-8F23-FFDF6A4C0C02}.Release|Any CPU.Build.0 = Release|Any CPU
		{8216B4F2-7D6F-4FDC-B01D-23269F026BE9}.Debug|Any CPU.ActiveCfg = Debug|Any CPU
		{8216B4F2-7D6F-4FDC-B01D-23269F026BE9}.Debug|Any CPU.Build.0 = Debug|Any CPU
		{8216B4F2-7D6F-4FDC-B01D-23269F026BE9}.Release|Any CPU.ActiveCfg = Release|Any CPU
		{8216B4F2-7D6F-4FDC-B01D-23269F026BE9}.Release|Any CPU.Build.0 = Release|Any CPU
	EndGlobalSection
	GlobalSection(SolutionProperties) = preSolution
		HideSolutionNode = FALSE
	EndGlobalSection
	GlobalSection(ExtensibilityGlobals) = postSolution
		SolutionGuid = {6F3E44EC-A8B4-44C1-BFFC-FDFB23B6E03B}
	EndGlobalSection
EndGlobal
